// !$*UTF8*$!
{
	archiveVersion = 1;
	classes = {
	};
	objectVersion = 46;
	objects = {

/* Begin PBXBuildFile section */
		C67894121C54074B00B30C72 /* SpaceNameTextFieldDelegate.m in Sources */ = {isa = PBXBuildFile; fileRef = C67894111C54074B00B30C72 /* SpaceNameTextFieldDelegate.m */; };
		C6CC01281C4052FE00899A72 /* AppDelegate.m in Sources */ = {isa = PBXBuildFile; fileRef = C6CC01271C4052FE00899A72 /* AppDelegate.m */; };
		C6CC012B1C4052FE00899A72 /* main.m in Sources */ = {isa = PBXBuildFile; fileRef = C6CC012A1C4052FE00899A72 /* main.m */; };
		C6CC012D1C4052FE00899A72 /* Assets.xcassets in Resources */ = {isa = PBXBuildFile; fileRef = C6CC012C1C4052FE00899A72 /* Assets.xcassets */; };
		C6CC01301C4052FE00899A72 /* MainMenu.xib in Resources */ = {isa = PBXBuildFile; fileRef = C6CC012E1C4052FE00899A72 /* MainMenu.xib */; };
		C6CC013B1C4052FE00899A72 /* SpaceNameTests.m in Sources */ = {isa = PBXBuildFile; fileRef = C6CC013A1C4052FE00899A72 /* SpaceNameTests.m */; };
		C6CC014C1C40580900899A72 /* libtotalspaces2api.dylib in Frameworks */ = {isa = PBXBuildFile; fileRef = C6CC014A1C4057D800899A72 /* libtotalspaces2api.dylib */; };
		C6CC01501C405AA600899A72 /* libtotalspaces2api.dylib in CopyFiles */ = {isa = PBXBuildFile; fileRef = C6CC014A1C4057D800899A72 /* libtotalspaces2api.dylib */; settings = {ATTRIBUTES = (CodeSignOnCopy, ); }; };
		C6CC01551C407BC300899A72 /* NSWindow+canBecomeKeyWindow.m in Sources */ = {isa = PBXBuildFile; fileRef = C6CC01541C407BC300899A72 /* NSWindow+canBecomeKeyWindow.m */; };
/* End PBXBuildFile section */

/* Begin PBXContainerItemProxy section */
		C6CC01371C4052FE00899A72 /* PBXContainerItemProxy */ = {
			isa = PBXContainerItemProxy;
			containerPortal = C6CC011B1C4052FE00899A72 /* Project object */;
			proxyType = 1;
			remoteGlobalIDString = C6CC01221C4052FE00899A72;
			remoteInfo = SpaceName;
		};
/* End PBXContainerItemProxy section */

/* Begin PBXCopyFilesBuildPhase section */
		C6CC014F1C405A9500899A72 /* CopyFiles */ = {
			isa = PBXCopyFilesBuildPhase;
			buildActionMask = 2147483647;
			dstPath = "";
			dstSubfolderSpec = 10;
			files = (
				C6CC01501C405AA600899A72 /* libtotalspaces2api.dylib in CopyFiles */,
			);
			runOnlyForDeploymentPostprocessing = 0;
		};
/* End PBXCopyFilesBuildPhase section */

/* Begin PBXFileReference section */
		C67894101C54074B00B30C72 /* SpaceNameTextFieldDelegate.h */ = {isa = PBXFileReference; fileEncoding = 4; lastKnownFileType = sourcecode.c.h; path = SpaceNameTextFieldDelegate.h; sourceTree = "<group>"; };
		C67894111C54074B00B30C72 /* SpaceNameTextFieldDelegate.m */ = {isa = PBXFileReference; fileEncoding = 4; lastKnownFileType = sourcecode.c.objc; path = SpaceNameTextFieldDelegate.m; sourceTree = "<group>"; };
		C6CC01231C4052FE00899A72 /* SpaceName.app */ = {isa = PBXFileReference; explicitFileType = wrapper.application; includeInIndex = 0; path = SpaceName.app; sourceTree = BUILT_PRODUCTS_DIR; };
		C6CC01261C4052FE00899A72 /* AppDelegate.h */ = {isa = PBXFileReference; lastKnownFileType = sourcecode.c.h; path = AppDelegate.h; sourceTree = "<group>"; };
		C6CC01271C4052FE00899A72 /* AppDelegate.m */ = {isa = PBXFileReference; lastKnownFileType = sourcecode.c.objc; path = AppDelegate.m; sourceTree = "<group>"; };
		C6CC012A1C4052FE00899A72 /* main.m */ = {isa = PBXFileReference; lastKnownFileType = sourcecode.c.objc; path = main.m; sourceTree = "<group>"; };
		C6CC012C1C4052FE00899A72 /* Assets.xcassets */ = {isa = PBXFileReference; lastKnownFileType = folder.assetcatalog; path = Assets.xcassets; sourceTree = "<group>"; };
		C6CC012F1C4052FE00899A72 /* Base */ = {isa = PBXFileReference; lastKnownFileType = file.xib; name = Base; path = Base.lproj/MainMenu.xib; sourceTree = "<group>"; };
		C6CC01311C4052FE00899A72 /* Info.plist */ = {isa = PBXFileReference; lastKnownFileType = text.plist.xml; path = Info.plist; sourceTree = "<group>"; };
		C6CC01361C4052FE00899A72 /* SpaceNameTests.xctest */ = {isa = PBXFileReference; explicitFileType = wrapper.cfbundle; includeInIndex = 0; path = SpaceNameTests.xctest; sourceTree = BUILT_PRODUCTS_DIR; };
		C6CC013A1C4052FE00899A72 /* SpaceNameTests.m */ = {isa = PBXFileReference; lastKnownFileType = sourcecode.c.objc; path = SpaceNameTests.m; sourceTree = "<group>"; };
		C6CC013C1C4052FE00899A72 /* Info.plist */ = {isa = PBXFileReference; lastKnownFileType = text.plist.xml; path = Info.plist; sourceTree = "<group>"; };
		C6CC014A1C4057D800899A72 /* libtotalspaces2api.dylib */ = {isa = PBXFileReference; lastKnownFileType = "compiled.mach-o.dylib"; name = libtotalspaces2api.dylib; path = SpaceName/libtotalspaces2api.dylib; sourceTree = "<group>"; };
		C6CC01511C405AF400899A72 /* TSLib.h */ = {isa = PBXFileReference; lastKnownFileType = sourcecode.c.h; name = TSLib.h; path = SpaceName/TSLib.h; sourceTree = "<group>"; };
		C6CC01531C407BC300899A72 /* NSWindow+canBecomeKeyWindow.h */ = {isa = PBXFileReference; fileEncoding = 4; lastKnownFileType = sourcecode.c.h; path = "NSWindow+canBecomeKeyWindow.h"; sourceTree = "<group>"; };
		C6CC01541C407BC300899A72 /* NSWindow+canBecomeKeyWindow.m */ = {isa = PBXFileReference; fileEncoding = 4; lastKnownFileType = sourcecode.c.objc; path = "NSWindow+canBecomeKeyWindow.m"; sourceTree = "<group>"; };
/* End PBXFileReference section */

/* Begin PBXFrameworksBuildPhase section */
		C6CC01201C4052FE00899A72 /* Frameworks */ = {
			isa = PBXFrameworksBuildPhase;
			buildActionMask = 2147483647;
			files = (
				C6CC014C1C40580900899A72 /* libtotalspaces2api.dylib in Frameworks */,
			);
			runOnlyForDeploymentPostprocessing = 0;
		};
		C6CC01331C4052FE00899A72 /* Frameworks */ = {
			isa = PBXFrameworksBuildPhase;
			buildActionMask = 2147483647;
			files = (
			);
			runOnlyForDeploymentPostprocessing = 0;
		};
/* End PBXFrameworksBuildPhase section */

/* Begin PBXGroup section */
		C6CC011A1C4052FE00899A72 = {
			isa = PBXGroup;
			children = (
				C6CC01521C405B0E00899A72 /* TotalSpaces */,
				C6CC01251C4052FE00899A72 /* SpaceName */,
				C6CC01391C4052FE00899A72 /* SpaceNameTests */,
				C6CC01241C4052FE00899A72 /* Products */,
			);
			sourceTree = "<group>";
		};
		C6CC01241C4052FE00899A72 /* Products */ = {
			isa = PBXGroup;
			children = (
				C6CC01231C4052FE00899A72 /* SpaceName.app */,
				C6CC01361C4052FE00899A72 /* SpaceNameTests.xctest */,
			);
			name = Products;
			sourceTree = "<group>";
		};
		C6CC01251C4052FE00899A72 /* SpaceName */ = {
			isa = PBXGroup;
			children = (
				C6CC01261C4052FE00899A72 /* AppDelegate.h */,
				C6CC01271C4052FE00899A72 /* AppDelegate.m */,
				C67894101C54074B00B30C72 /* SpaceNameTextFieldDelegate.h */,
				C67894111C54074B00B30C72 /* SpaceNameTextFieldDelegate.m */,
				C6CC012C1C4052FE00899A72 /* Assets.xcassets */,
				C6CC012E1C4052FE00899A72 /* MainMenu.xib */,
				C6CC01311C4052FE00899A72 /* Info.plist */,
				C6CC01291C4052FE00899A72 /* Supporting Files */,
				C6CC01531C407BC300899A72 /* NSWindow+canBecomeKeyWindow.h */,
				C6CC01541C407BC300899A72 /* NSWindow+canBecomeKeyWindow.m */,
			);
			path = SpaceName;
			sourceTree = "<group>";
		};
		C6CC01291C4052FE00899A72 /* Supporting Files */ = {
			isa = PBXGroup;
			children = (
				C6CC012A1C4052FE00899A72 /* main.m */,
			);
			name = "Supporting Files";
			sourceTree = "<group>";
		};
		C6CC01391C4052FE00899A72 /* SpaceNameTests */ = {
			isa = PBXGroup;
			children = (
				C6CC013A1C4052FE00899A72 /* SpaceNameTests.m */,
				C6CC013C1C4052FE00899A72 /* Info.plist */,
			);
			path = SpaceNameTests;
			sourceTree = "<group>";
		};
		C6CC01521C405B0E00899A72 /* TotalSpaces */ = {
			isa = PBXGroup;
			children = (
				C6CC01511C405AF400899A72 /* TSLib.h */,
				C6CC014A1C4057D800899A72 /* libtotalspaces2api.dylib */,
			);
			name = TotalSpaces;
			sourceTree = "<group>";
		};
/* End PBXGroup section */

/* Begin PBXNativeTarget section */
		C6CC01221C4052FE00899A72 /* SpaceName */ = {
			isa = PBXNativeTarget;
			buildConfigurationList = C6CC013F1C4052FE00899A72 /* Build configuration list for PBXNativeTarget "SpaceName" */;
			buildPhases = (
				C6CC011F1C4052FE00899A72 /* Sources */,
				C6CC01201C4052FE00899A72 /* Frameworks */,
				C6CC01211C4052FE00899A72 /* Resources */,
				C6CC014F1C405A9500899A72 /* CopyFiles */,
			);
			buildRules = (
			);
			dependencies = (
			);
			name = SpaceName;
			productName = SpaceName;
			productReference = C6CC01231C4052FE00899A72 /* SpaceName.app */;
			productType = "com.apple.product-type.application";
		};
		C6CC01351C4052FE00899A72 /* SpaceNameTests */ = {
			isa = PBXNativeTarget;
			buildConfigurationList = C6CC01421C4052FE00899A72 /* Build configuration list for PBXNativeTarget "SpaceNameTests" */;
			buildPhases = (
				C6CC01321C4052FE00899A72 /* Sources */,
				C6CC01331C4052FE00899A72 /* Frameworks */,
				C6CC01341C4052FE00899A72 /* Resources */,
			);
			buildRules = (
			);
			dependencies = (
				C6CC01381C4052FE00899A72 /* PBXTargetDependency */,
			);
			name = SpaceNameTests;
			productName = SpaceNameTests;
			productReference = C6CC01361C4052FE00899A72 /* SpaceNameTests.xctest */;
			productType = "com.apple.product-type.bundle.unit-test";
		};
/* End PBXNativeTarget section */

/* Begin PBXProject section */
		C6CC011B1C4052FE00899A72 /* Project object */ = {
			isa = PBXProject;
			attributes = {
				LastUpgradeCheck = 0710;
				ORGANIZATIONNAME = "Tim Sheridan";
				TargetAttributes = {
					C6CC01221C4052FE00899A72 = {
						CreatedOnToolsVersion = 7.1.1;
					};
					C6CC01351C4052FE00899A72 = {
						CreatedOnToolsVersion = 7.1.1;
						TestTargetID = C6CC01221C4052FE00899A72;
					};
				};
			};
			buildConfigurationList = C6CC011E1C4052FE00899A72 /* Build configuration list for PBXProject "SpaceName" */;
			compatibilityVersion = "Xcode 3.2";
			developmentRegion = English;
			hasScannedForEncodings = 0;
			knownRegions = (
				en,
				Base,
			);
			mainGroup = C6CC011A1C4052FE00899A72;
			productRefGroup = C6CC01241C4052FE00899A72 /* Products */;
			projectDirPath = "";
			projectRoot = "";
			targets = (
				C6CC01221C4052FE00899A72 /* SpaceName */,
				C6CC01351C4052FE00899A72 /* SpaceNameTests */,
			);
		};
/* End PBXProject section */

/* Begin PBXResourcesBuildPhase section */
		C6CC01211C4052FE00899A72 /* Resources */ = {
			isa = PBXResourcesBuildPhase;
			buildActionMask = 2147483647;
			files = (
				C6CC012D1C4052FE00899A72 /* Assets.xcassets in Resources */,
				C6CC01301C4052FE00899A72 /* MainMenu.xib in Resources */,
			);
			runOnlyForDeploymentPostprocessing = 0;
		};
		C6CC01341C4052FE00899A72 /* Resources */ = {
			isa = PBXResourcesBuildPhase;
			buildActionMask = 2147483647;
			files = (
			);
			runOnlyForDeploymentPostprocessing = 0;
		};
/* End PBXResourcesBuildPhase section */

/* Begin PBXSourcesBuildPhase section */
		C6CC011F1C4052FE00899A72 /* Sources */ = {
			isa = PBXSourcesBuildPhase;
			buildActionMask = 2147483647;
			files = (
				C67894121C54074B00B30C72 /* SpaceNameTextFieldDelegate.m in Sources */,
				C6CC01551C407BC300899A72 /* NSWindow+canBecomeKeyWindow.m in Sources */,
				C6CC012B1C4052FE00899A72 /* main.m in Sources */,
				C6CC01281C4052FE00899A72 /* AppDelegate.m in Sources */,
			);
			runOnlyForDeploymentPostprocessing = 0;
		};
		C6CC01321C4052FE00899A72 /* Sources */ = {
			isa = PBXSourcesBuildPhase;
			buildActionMask = 2147483647;
			files = (
				C6CC013B1C4052FE00899A72 /* SpaceNameTests.m in Sources */,
			);
			runOnlyForDeploymentPostprocessing = 0;
		};
/* End PBXSourcesBuildPhase section */

/* Begin PBXTargetDependency section */
		C6CC01381C4052FE00899A72 /* PBXTargetDependency */ = {
			isa = PBXTargetDependency;
			target = C6CC01221C4052FE00899A72 /* SpaceName */;
			targetProxy = C6CC01371C4052FE00899A72 /* PBXContainerItemProxy */;
		};
/* End PBXTargetDependency section */

/* Begin PBXVariantGroup section */
		C6CC012E1C4052FE00899A72 /* MainMenu.xib */ = {
			isa = PBXVariantGroup;
			children = (
				C6CC012F1C4052FE00899A72 /* Base */,
			);
			name = MainMenu.xib;
			sourceTree = "<group>";
		};
/* End PBXVariantGroup section */

/* Begin XCBuildConfiguration section */
		C6CC013D1C4052FE00899A72 /* Debug */ = {
			isa = XCBuildConfiguration;
			buildSettings = {
				ALWAYS_SEARCH_USER_PATHS = NO;
				CLANG_CXX_LANGUAGE_STANDARD = "gnu++0x";
				CLANG_CXX_LIBRARY = "libc++";
				CLANG_ENABLE_MODULES = YES;
				CLANG_ENABLE_OBJC_ARC = YES;
				CLANG_WARN_BOOL_CONVERSION = YES;
				CLANG_WARN_CONSTANT_CONVERSION = YES;
				CLANG_WARN_DIRECT_OBJC_ISA_USAGE = YES_ERROR;
				CLANG_WARN_EMPTY_BODY = YES;
				CLANG_WARN_ENUM_CONVERSION = YES;
				CLANG_WARN_INT_CONVERSION = YES;
				CLANG_WARN_OBJC_ROOT_CLASS = YES_ERROR;
				CLANG_WARN_UNREACHABLE_CODE = YES;
				CLANG_WARN__DUPLICATE_METHOD_MATCH = YES;
				CODE_SIGN_IDENTITY = "-";
				COPY_PHASE_STRIP = NO;
				DEBUG_INFORMATION_FORMAT = dwarf;
				ENABLE_STRICT_OBJC_MSGSEND = YES;
				ENABLE_TESTABILITY = YES;
				GCC_C_LANGUAGE_STANDARD = gnu99;
				GCC_DYNAMIC_NO_PIC = NO;
				GCC_NO_COMMON_BLOCKS = YES;
				GCC_OPTIMIZATION_LEVEL = 0;
				GCC_PREPROCESSOR_DEFINITIONS = (
					"DEBUG=1",
					"$(inherited)",
				);
				GCC_WARN_64_TO_32_BIT_CONVERSION = YES;
				GCC_WARN_ABOUT_RETURN_TYPE = YES_ERROR;
				GCC_WARN_UNDECLARED_SELECTOR = YES;
				GCC_WARN_UNINITIALIZED_AUTOS = YES_AGGRESSIVE;
				GCC_WARN_UNUSED_FUNCTION = YES;
				GCC_WARN_UNUSED_VARIABLE = YES;
				MACOSX_DEPLOYMENT_TARGET = 10.11;
				MTL_ENABLE_DEBUG_INFO = YES;
				ONLY_ACTIVE_ARCH = YES;
				SDKROOT = macosx;
			};
			name = Debug;
		};
		C6CC013E1C4052FE00899A72 /* Release */ = {
			isa = XCBuildConfiguration;
			buildSettings = {
				ALWAYS_SEARCH_USER_PATHS = NO;
				CLANG_CXX_LANGUAGE_STANDARD = "gnu++0x";
				CLANG_CXX_LIBRARY = "libc++";
				CLANG_ENABLE_MODULES = YES;
				CLANG_ENABLE_OBJC_ARC = YES;
				CLANG_WARN_BOOL_CONVERSION = YES;
				CLANG_WARN_CONSTANT_CONVERSION = YES;
				CLANG_WARN_DIRECT_OBJC_ISA_USAGE = YES_ERROR;
				CLANG_WARN_EMPTY_BODY = YES;
				CLANG_WARN_ENUM_CONVERSION = YES;
				CLANG_WARN_INT_CONVERSION = YES;
				CLANG_WARN_OBJC_ROOT_CLASS = YES_ERROR;
				CLANG_WARN_UNREACHABLE_CODE = YES;
				CLANG_WARN__DUPLICATE_METHOD_MATCH = YES;
				CODE_SIGN_IDENTITY = "-";
				COPY_PHASE_STRIP = NO;
				DEBUG_INFORMATION_FORMAT = "dwarf-with-dsym";
				ENABLE_NS_ASSERTIONS = NO;
				ENABLE_STRICT_OBJC_MSGSEND = YES;
				GCC_C_LANGUAGE_STANDARD = gnu99;
				GCC_NO_COMMON_BLOCKS = YES;
				GCC_WARN_64_TO_32_BIT_CONVERSION = YES;
				GCC_WARN_ABOUT_RETURN_TYPE = YES_ERROR;
				GCC_WARN_UNDECLARED_SELECTOR = YES;
				GCC_WARN_UNINITIALIZED_AUTOS = YES_AGGRESSIVE;
				GCC_WARN_UNUSED_FUNCTION = YES;
				GCC_WARN_UNUSED_VARIABLE = YES;
				MACOSX_DEPLOYMENT_TARGET = 10.11;
				MTL_ENABLE_DEBUG_INFO = NO;
				SDKROOT = macosx;
			};
			name = Release;
		};
		C6CC01401C4052FE00899A72 /* Debug */ = {
			isa = XCBuildConfiguration;
			buildSettings = {
				ASSETCATALOG_COMPILER_APPICON_NAME = AppIcon;
				COMBINE_HIDPI_IMAGES = YES;
				INFOPLIST_FILE = SpaceName/Info.plist;
				LD_RUNPATH_SEARCH_PATHS = "$(inherited) @executable_path/../Frameworks";
				LIBRARY_SEARCH_PATHS = (
					"$(inherited)",
					"$(PROJECT_DIR)/SpaceName",
				);
				PRODUCT_BUNDLE_IDENTIFIER = org.timsheridan.SpaceName;
				PRODUCT_NAME = "$(TARGET_NAME)";
			};
			name = Debug;
		};
		C6CC01411C4052FE00899A72 /* Release */ = {
			isa = XCBuildConfiguration;
			buildSettings = {
				ASSETCATALOG_COMPILER_APPICON_NAME = AppIcon;
				COMBINE_HIDPI_IMAGES = YES;
				INFOPLIST_FILE = SpaceName/Info.plist;
				LD_RUNPATH_SEARCH_PATHS = "$(inherited) @executable_path/../Frameworks";
				LIBRARY_SEARCH_PATHS = (
					"$(inherited)",
					"$(PROJECT_DIR)/SpaceName",
				);
				PRODUCT_BUNDLE_IDENTIFIER = org.timsheridan.SpaceName;
				PRODUCT_NAME = "$(TARGET_NAME)";
			};
			name = Release;
		};
		C6CC01431C4052FE00899A72 /* Debug */ = {
			isa = XCBuildConfiguration;
			buildSettings = {
				BUNDLE_LOADER = "$(TEST_HOST)";
				COMBINE_HIDPI_IMAGES = YES;
				INFOPLIST_FILE = SpaceNameTests/Info.plist;
				LD_RUNPATH_SEARCH_PATHS = "$(inherited) @executable_path/../Frameworks @loader_path/../Frameworks";
				PRODUCT_BUNDLE_IDENTIFIER = com.improot.osx.SpaceNameTests;
				PRODUCT_NAME = "$(TARGET_NAME)";
				TEST_HOST = "$(BUILT_PRODUCTS_DIR)/SpaceName.app/Contents/MacOS/SpaceName";
			};
			name = Debug;
		};
		C6CC01441C4052FE00899A72 /* Release */ = {
			isa = XCBuildConfiguration;
			buildSettings = {
				BUNDLE_LOADER = "$(TEST_HOST)";
				COMBINE_HIDPI_IMAGES = YES;
				INFOPLIST_FILE = SpaceNameTests/Info.plist;
				LD_RUNPATH_SEARCH_PATHS = "$(inherited) @executable_path/../Frameworks @loader_path/../Frameworks";
				PRODUCT_BUNDLE_IDENTIFIER = com.improot.osx.SpaceNameTests;
				PRODUCT_NAME = "$(TARGET_NAME)";
				TEST_HOST = "$(BUILT_PRODUCTS_DIR)/SpaceName.app/Contents/MacOS/SpaceName";
			};
			name = Release;
		};
/* End XCBuildConfiguration section */

/* Begin XCConfigurationList section */
		C6CC011E1C4052FE00899A72 /* Build configuration list for PBXProject "SpaceName" */ = {
			isa = XCConfigurationList;
			buildConfigurations = (
				C6CC013D1C4052FE00899A72 /* Debug */,
				C6CC013E1C4052FE00899A72 /* Release */,
			);
			defaultConfigurationIsVisible = 0;
			defaultConfigurationName = Release;
		};
		C6CC013F1C4052FE00899A72 /* Build configuration list for PBXNativeTarget "SpaceName" */ = {
			isa = XCConfigurationList;
			buildConfigurations = (
				C6CC01401C4052FE00899A72 /* Debug */,
				C6CC01411C4052FE00899A72 /* Release */,
			);
			defaultConfigurationIsVisible = 0;
			defaultConfigurationName = Release;
		};
		C6CC01421C4052FE00899A72 /* Build configuration list for PBXNativeTarget "SpaceNameTests" */ = {
			isa = XCConfigurationList;
			buildConfigurations = (
				C6CC01431C4052FE00899A72 /* Debug */,
				C6CC01441C4052FE00899A72 /* Release */,
			);
			defaultConfigurationIsVisible = 0;
			defaultConfigurationName = Release;
		};
/* End XCConfigurationList section */
	};
	rootObject = C6CC011B1C4052FE00899A72 /* Project object */;
}
